// !$*UTF8*$!
{
	archiveVersion = 1;
	classes = {
	};
	objectVersion = 77;
	objects = {

/* Begin PBXContainerItemProxy section */
		A9B03C262D273884007EA5C7 /* PBXContainerItemProxy */ = {
			isa = PBXContainerItemProxy;
			containerPortal = A9B03C0D2D273883007EA5C7 /* Project object */;
			proxyType = 1;
			remoteGlobalIDString = A9B03C142D273883007EA5C7;
			remoteInfo = xcodetraining;
		};
		A9B03C302D273884007EA5C7 /* PBXContainerItemProxy */ = {
			isa = PBXContainerItemProxy;
			containerPortal = A9B03C0D2D273883007EA5C7 /* Project object */;
			proxyType = 1;
			remoteGlobalIDString = A9B03C142D273883007EA5C7;
			remoteInfo = xcodetraining;
		};
/* End PBXContainerItemProxy section */

/* Begin PBXFileReference section */
		A9B03C152D273883007EA5C7 /* xcodetraining.app */ = {isa = PBXFileReference; explicitFileType = wrapper.application; includeInIndex = 0; path = xcodetraining.app; sourceTree = BUILT_PRODUCTS_DIR; };
		A9B03C252D273884007EA5C7 /* xcodetrainingTests.xctest */ = {isa = PBXFileReference; explicitFileType = wrapper.cfbundle; includeInIndex = 0; path = xcodetrainingTests.xctest; sourceTree = BUILT_PRODUCTS_DIR; };
		A9B03C2F2D273884007EA5C7 /* xcodetrainingUITests.xctest */ = {isa = PBXFileReference; explicitFileType = wrapper.cfbundle; includeInIndex = 0; path = xcodetrainingUITests.xctest; sourceTree = BUILT_PRODUCTS_DIR; };
/* End PBXFileReference section */

/* Begin PBXFileSystemSynchronizedRootGroup section */
		A9B03C172D273883007EA5C7 /* xcodetraining */ = {
			isa = PBXFileSystemSynchronizedRootGroup;
			path = xcodetraining;
			sourceTree = "<group>";
		};
		A9B03C282D273884007EA5C7 /* xcodetrainingTests */ = {
			isa = PBXFileSystemSynchronizedRootGroup;
			path = xcodetrainingTests;
			sourceTree = "<group>";
		};
		A9B03C322D273884007EA5C7 /* xcodetrainingUITests */ = {
			isa = PBXFileSystemSynchronizedRootGroup;
			path = xcodetrainingUITests;
			sourceTree = "<group>";
		};
/* End PBXFileSystemSynchronizedRootGroup section */

/* Begin PBXFrameworksBuildPhase section */
		A9B03C122D273883007EA5C7 /* Frameworks */ = {
			isa = PBXFrameworksBuildPhase;
			buildActionMask = 2147483647;
			files = (
			);
			runOnlyForDeploymentPostprocessing = 0;
		};
		A9B03C222D273884007EA5C7 /* Frameworks */ = {
			isa = PBXFrameworksBuildPhase;
			buildActionMask = 2147483647;
			files = (
			);
			runOnlyForDeploymentPostprocessing = 0;
		};
		A9B03C2C2D273884007EA5C7 /* Frameworks */ = {
			isa = PBXFrameworksBuildPhase;
			buildActionMask = 2147483647;
			files = (
			);
			runOnlyForDeploymentPostprocessing = 0;
		};
/* End PBXFrameworksBuildPhase section */

/* Begin PBXGroup section */
		A9B03C0C2D273883007EA5C7 = {
			isa = PBXGroup;
			children = (
				A9B03C162D273883007EA5C7 /* Products */,
				A9B03C172D273883007EA5C7 /* xcodetraining */,
				A9B03C282D273884007EA5C7 /* xcodetrainingTests */,
				A9B03C322D273884007EA5C7 /* xcodetrainingUITests */,
			);
			sourceTree = "<group>";
		};
		A9B03C162D273883007EA5C7 /* Products */ = {
			isa = PBXGroup;
			children = (
				A9B03C152D273883007EA5C7 /* xcodetraining.app */,
				A9B03C252D273884007EA5C7 /* xcodetrainingTests.xctest */,
				A9B03C2F2D273884007EA5C7 /* xcodetrainingUITests.xctest */,
			);
			name = Products;
			sourceTree = "<group>";
		};
/* End PBXGroup section */

/* Begin PBXNativeTarget section */
		A9B03C142D273883007EA5C7 /* xcodetraining */ = {
			isa = PBXNativeTarget;
			buildConfigurationList = A9B03C392D273884007EA5C7 /* Build configuration list for PBXNativeTarget "xcodetraining" */;
			buildPhases = (
				A9B03C112D273883007EA5C7 /* Sources */,
				A9B03C122D273883007EA5C7 /* Frameworks */,
				A9B03C132D273883007EA5C7 /* Resources */,
			);
			buildRules = (
			);
			dependencies = (
			);
			fileSystemSynchronizedGroups = (
				A9B03C172D273883007EA5C7 /* xcodetraining */,
			);
			name = xcodetraining;
			packageProductDependencies = (
			);
			productName = xcodetraining;
			productReference = A9B03C152D273883007EA5C7 /* xcodetraining.app */;
			productType = "com.apple.product-type.application";
		};
		A9B03C242D273884007EA5C7 /* xcodetrainingTests */ = {
			isa = PBXNativeTarget;
			buildConfigurationList = A9B03C3C2D273884007EA5C7 /* Build configuration list for PBXNativeTarget "xcodetrainingTests" */;
			buildPhases = (
				A9B03C212D273884007EA5C7 /* Sources */,
				A9B03C222D273884007EA5C7 /* Frameworks */,
				A9B03C232D273884007EA5C7 /* Resources */,
			);
			buildRules = (
			);
			dependencies = (
				A9B03C272D273884007EA5C7 /* PBXTargetDependency */,
			);
			fileSystemSynchronizedGroups = (
				A9B03C282D273884007EA5C7 /* xcodetrainingTests */,
			);
			name = xcodetrainingTests;
			packageProductDependencies = (
			);
			productName = xcodetrainingTests;
			productReference = A9B03C252D273884007EA5C7 /* xcodetrainingTests.xctest */;
			productType = "com.apple.product-type.bundle.unit-test";
		};
		A9B03C2E2D273884007EA5C7 /* xcodetrainingUITests */ = {
			isa = PBXNativeTarget;
			buildConfigurationList = A9B03C3F2D273884007EA5C7 /* Build configuration list for PBXNativeTarget "xcodetrainingUITests" */;
			buildPhases = (
				A9B03C2B2D273884007EA5C7 /* Sources */,
				A9B03C2C2D273884007EA5C7 /* Frameworks */,
				A9B03C2D2D273884007EA5C7 /* Resources */,
			);
			buildRules = (
			);
			dependencies = (
				A9B03C312D273884007EA5C7 /* PBXTargetDependency */,
			);
			fileSystemSynchronizedGroups = (
				A9B03C322D273884007EA5C7 /* xcodetrainingUITests */,
			);
			name = xcodetrainingUITests;
			packageProductDependencies = (
			);
			productName = xcodetrainingUITests;
			productReference = A9B03C2F2D273884007EA5C7 /* xcodetrainingUITests.xctest */;
			productType = "com.apple.product-type.bundle.ui-testing";
		};
/* End PBXNativeTarget section */

/* Begin PBXProject section */
		A9B03C0D2D273883007EA5C7 /* Project object */ = {
			isa = PBXProject;
			attributes = {
				BuildIndependentTargetsInParallel = 1;
				LastSwiftUpdateCheck = 1620;
				LastUpgradeCheck = 1620;
				TargetAttributes = {
					A9B03C142D273883007EA5C7 = {
						CreatedOnToolsVersion = 16.2;
					};
					A9B03C242D273884007EA5C7 = {
						CreatedOnToolsVersion = 16.2;
						TestTargetID = A9B03C142D273883007EA5C7;
					};
					A9B03C2E2D273884007EA5C7 = {
						CreatedOnToolsVersion = 16.2;
						TestTargetID = A9B03C142D273883007EA5C7;
					};
				};
			};
			buildConfigurationList = A9B03C102D273883007EA5C7 /* Build configuration list for PBXProject "xcodetraining" */;
			developmentRegion = en;
			hasScannedForEncodings = 0;
			knownRegions = (
				en,
				Base,
			);
			mainGroup = A9B03C0C2D273883007EA5C7;
			minimizedProjectReferenceProxies = 1;
			preferredProjectObjectVersion = 77;
			productRefGroup = A9B03C162D273883007EA5C7 /* Products */;
			projectDirPath = "";
			projectRoot = "";
			targets = (
				A9B03C142D273883007EA5C7 /* xcodetraining */,
				A9B03C242D273884007EA5C7 /* xcodetrainingTests */,
				A9B03C2E2D273884007EA5C7 /* xcodetrainingUITests */,
			);
		};
/* End PBXProject section */

/* Begin PBXResourcesBuildPhase section */
		A9B03C132D273883007EA5C7 /* Resources */ = {
			isa = PBXResourcesBuildPhase;
			buildActionMask = 2147483647;
			files = (
			);
			runOnlyForDeploymentPostprocessing = 0;
		};
		A9B03C232D273884007EA5C7 /* Resources */ = {
			isa = PBXResourcesBuildPhase;
			buildActionMask = 2147483647;
			files = (
			);
			runOnlyForDeploymentPostprocessing = 0;
		};
		A9B03C2D2D273884007EA5C7 /* Resources */ = {
			isa = PBXResourcesBuildPhase;
			buildActionMask = 2147483647;
			files = (
			);
			runOnlyForDeploymentPostprocessing = 0;
		};
/* End PBXResourcesBuildPhase section */

/* Begin PBXSourcesBuildPhase section */
		A9B03C112D273883007EA5C7 /* Sources */ = {
			isa = PBXSourcesBuildPhase;
			buildActionMask = 2147483647;
			files = (
			);
			runOnlyForDeploymentPostprocessing = 0;
		};
		A9B03C212D273884007EA5C7 /* Sources */ = {
			isa = PBXSourcesBuildPhase;
			buildActionMask = 2147483647;
			files = (
			);
			runOnlyForDeploymentPostprocessing = 0;
		};
		A9B03C2B2D273884007EA5C7 /* Sources */ = {
			isa = PBXSourcesBuildPhase;
			buildActionMask = 2147483647;
			files = (
			);
			runOnlyForDeploymentPostprocessing = 0;
		};
/* End PBXSourcesBuildPhase section */

/* Begin PBXTargetDependency section */
		A9B03C272D273884007EA5C7 /* PBXTargetDependency */ = {
			isa = PBXTargetDependency;
			target = A9B03C142D273883007EA5C7 /* xcodetraining */;
			targetProxy = A9B03C262D273884007EA5C7 /* PBXContainerItemProxy */;
		};
		A9B03C312D273884007EA5C7 /* PBXTargetDependency */ = {
			isa = PBXTargetDependency;
			target = A9B03C142D273883007EA5C7 /* xcodetraining */;
			targetProxy = A9B03C302D273884007EA5C7 /* PBXContainerItemProxy */;
		};
/* End PBXTargetDependency section */

/* Begin XCBuildConfiguration section */
		A9B03C372D273884007EA5C7 /* Debug */ = {
			isa = XCBuildConfiguration;
			buildSettings = {
				ALWAYS_SEARCH_USER_PATHS = NO;
				ASSETCATALOG_COMPILER_GENERATE_SWIFT_ASSET_SYMBOL_EXTENSIONS = YES;
				CLANG_ANALYZER_NONNULL = YES;
				CLANG_ANALYZER_NUMBER_OBJECT_CONVERSION = YES_AGGRESSIVE;
				CLANG_CXX_LANGUAGE_STANDARD = "gnu++20";
				CLANG_ENABLE_MODULES = YES;
				CLANG_ENABLE_OBJC_ARC = YES;
				CLANG_ENABLE_OBJC_WEAK = YES;
				CLANG_WARN_BLOCK_CAPTURE_AUTORELEASING = YES;
				CLANG_WARN_BOOL_CONVERSION = YES;
				CLANG_WARN_COMMA = YES;
				CLANG_WARN_CONSTANT_CONVERSION = YES;
				CLANG_WARN_DEPRECATED_OBJC_IMPLEMENTATIONS = YES;
				CLANG_WARN_DIRECT_OBJC_ISA_USAGE = YES_ERROR;
				CLANG_WARN_DOCUMENTATION_COMMENTS = YES;
				CLANG_WARN_EMPTY_BODY = YES;
				CLANG_WARN_ENUM_CONVERSION = YES;
				CLANG_WARN_INFINITE_RECURSION = YES;
				CLANG_WARN_INT_CONVERSION = YES;
				CLANG_WARN_NON_LITERAL_NULL_CONVERSION = YES;
				CLANG_WARN_OBJC_IMPLICIT_RETAIN_SELF = YES;
				CLANG_WARN_OBJC_LITERAL_CONVERSION = YES;
				CLANG_WARN_OBJC_ROOT_CLASS = YES_ERROR;
				CLANG_WARN_QUOTED_INCLUDE_IN_FRAMEWORK_HEADER = YES;
				CLANG_WARN_RANGE_LOOP_ANALYSIS = YES;
				CLANG_WARN_STRICT_PROTOTYPES = YES;
				CLANG_WARN_SUSPICIOUS_MOVE = YES;
				CLANG_WARN_UNGUARDED_AVAILABILITY = YES_AGGRESSIVE;
				CLANG_WARN_UNREACHABLE_CODE = YES;
				CLANG_WARN__DUPLICATE_METHOD_MATCH = YES;
				COPY_PHASE_STRIP = NO;
				DEBUG_INFORMATION_FORMAT = dwarf;
				ENABLE_STRICT_OBJC_MSGSEND = YES;
				ENABLE_TESTABILITY = YES;
				ENABLE_USER_SCRIPT_SANDBOXING = YES;
				GCC_C_LANGUAGE_STANDARD = gnu17;
				GCC_DYNAMIC_NO_PIC = NO;
				GCC_NO_COMMON_BLOCKS = YES;
				GCC_OPTIMIZATION_LEVEL = 0;
				GCC_PREPROCESSOR_DEFINITIONS = (
					"DEBUG=1",
					"$(inherited)",
				);
				GCC_WARN_64_TO_32_BIT_CONVERSION = YES;
				GCC_WARN_ABOUT_RETURN_TYPE = YES_ERROR;
				GCC_WARN_UNDECLARED_SELECTOR = YES;
				GCC_WARN_UNINITIALIZED_AUTOS = YES_AGGRESSIVE;
				GCC_WARN_UNUSED_FUNCTION = YES;
				GCC_WARN_UNUSED_VARIABLE = YES;
				IPHONEOS_DEPLOYMENT_TARGET = 18.2;
				LOCALIZATION_PREFERS_STRING_CATALOGS = YES;
				MTL_ENABLE_DEBUG_INFO = INCLUDE_SOURCE;
				MTL_FAST_MATH = YES;
				ONLY_ACTIVE_ARCH = YES;
				SDKROOT = iphoneos;
				SWIFT_ACTIVE_COMPILATION_CONDITIONS = "DEBUG $(inherited)";
				SWIFT_OPTIMIZATION_LEVEL = "-Onone";
			};
			name = Debug;
		};
		A9B03C382D273884007EA5C7 /* Release */ = {
			isa = XCBuildConfiguration;
			buildSettings = {
				ALWAYS_SEARCH_USER_PATHS = NO;
				ASSETCATALOG_COMPILER_GENERATE_SWIFT_ASSET_SYMBOL_EXTENSIONS = YES;
				CLANG_ANALYZER_NONNULL = YES;
				CLANG_ANALYZER_NUMBER_OBJECT_CONVERSION = YES_AGGRESSIVE;
				CLANG_CXX_LANGUAGE_STANDARD = "gnu++20";
				CLANG_ENABLE_MODULES = YES;
				CLANG_ENABLE_OBJC_ARC = YES;
				CLANG_ENABLE_OBJC_WEAK = YES;
				CLANG_WARN_BLOCK_CAPTURE_AUTORELEASING = YES;
				CLANG_WARN_BOOL_CONVERSION = YES;
				CLANG_WARN_COMMA = YES;
				CLANG_WARN_CONSTANT_CONVERSION = YES;
				CLANG_WARN_DEPRECATED_OBJC_IMPLEMENTATIONS = YES;
				CLANG_WARN_DIRECT_OBJC_ISA_USAGE = YES_ERROR;
				CLANG_WARN_DOCUMENTATION_COMMENTS = YES;
				CLANG_WARN_EMPTY_BODY = YES;
				CLANG_WARN_ENUM_CONVERSION = YES;
				CLANG_WARN_INFINITE_RECURSION = YES;
				CLANG_WARN_INT_CONVERSION = YES;
				CLANG_WARN_NON_LITERAL_NULL_CONVERSION = YES;
				CLANG_WARN_OBJC_IMPLICIT_RETAIN_SELF = YES;
				CLANG_WARN_OBJC_LITERAL_CONVERSION = YES;
				CLANG_WARN_OBJC_ROOT_CLASS = YES_ERROR;
				CLANG_WARN_QUOTED_INCLUDE_IN_FRAMEWORK_HEADER = YES;
				CLANG_WARN_RANGE_LOOP_ANALYSIS = YES;
				CLANG_WARN_STRICT_PROTOTYPES = YES;
				CLANG_WARN_SUSPICIOUS_MOVE = YES;
				CLANG_WARN_UNGUARDED_AVAILABILITY = YES_AGGRESSIVE;
				CLANG_WARN_UNREACHABLE_CODE = YES;
				CLANG_WARN__DUPLICATE_METHOD_MATCH = YES;
				COPY_PHASE_STRIP = NO;
				DEBUG_INFORMATION_FORMAT = "dwarf-with-dsym";
				ENABLE_NS_ASSERTIONS = NO;
				ENABLE_STRICT_OBJC_MSGSEND = YES;
				ENABLE_USER_SCRIPT_SANDBOXING = YES;
				GCC_C_LANGUAGE_STANDARD = gnu17;
				GCC_NO_COMMON_BLOCKS = YES;
				GCC_WARN_64_TO_32_BIT_CONVERSION = YES;
				GCC_WARN_ABOUT_RETURN_TYPE = YES_ERROR;
				GCC_WARN_UNDECLARED_SELECTOR = YES;
				GCC_WARN_UNINITIALIZED_AUTOS = YES_AGGRESSIVE;
				GCC_WARN_UNUSED_FUNCTION = YES;
				GCC_WARN_UNUSED_VARIABLE = YES;
				IPHONEOS_DEPLOYMENT_TARGET = 18.2;
				LOCALIZATION_PREFERS_STRING_CATALOGS = YES;
				MTL_ENABLE_DEBUG_INFO = NO;
				MTL_FAST_MATH = YES;
				SDKROOT = iphoneos;
				SWIFT_COMPILATION_MODE = wholemodule;
				VALIDATE_PRODUCT = YES;
			};
			name = Release;
		};
		A9B03C3A2D273884007EA5C7 /* Debug */ = {
			isa = XCBuildConfiguration;
			buildSettings = {
				ASSETCATALOG_COMPILER_APPICON_NAME = AppIcon;
				ASSETCATALOG_COMPILER_GLOBAL_ACCENT_COLOR_NAME = AccentColor;
				CODE_SIGN_STYLE = Automatic;
				CURRENT_PROJECT_VERSION = 1;
				DEVELOPMENT_ASSET_PATHS = "\"xcodetraining/Preview Content\"";
				DEVELOPMENT_TEAM = 42PGU2876Q;
				ENABLE_PREVIEWS = YES;
				GENERATE_INFOPLIST_FILE = YES;
				INFOPLIST_KEY_UIApplicationSceneManifest_Generation = YES;
				INFOPLIST_KEY_UIApplicationSupportsIndirectInputEvents = YES;
				INFOPLIST_KEY_UILaunchScreen_Generation = YES;
				INFOPLIST_KEY_UISupportedInterfaceOrientations_iPad = "UIInterfaceOrientationPortrait UIInterfaceOrientationPortraitUpsideDown UIInterfaceOrientationLandscapeLeft UIInterfaceOrientationLandscapeRight";
				INFOPLIST_KEY_UISupportedInterfaceOrientations_iPhone = "UIInterfaceOrientationPortrait UIInterfaceOrientationLandscapeLeft UIInterfaceOrientationLandscapeRight";
				LD_RUNPATH_SEARCH_PATHS = (
					"$(inherited)",
					"@executable_path/Frameworks",
				);
				MARKETING_VERSION = 1.0;
				PRODUCT_BUNDLE_IDENTIFIER = com.mamodesaebsaad.xcodetraining;
				PRODUCT_NAME = "$(TARGET_NAME)";
				SWIFT_EMIT_LOC_STRINGS = YES;
				SWIFT_VERSION = 5.0;
				TARGETED_DEVICE_FAMILY = "1,2";
			};
			name = Debug;
		};
		A9B03C3B2D273884007EA5C7 /* Release */ = {
			isa = XCBuildConfiguration;
			buildSettings = {
				ASSETCATALOG_COMPILER_APPICON_NAME = AppIcon;
				ASSETCATALOG_COMPILER_GLOBAL_ACCENT_COLOR_NAME = AccentColor;
				CODE_SIGN_STYLE = Automatic;
				CURRENT_PROJECT_VERSION = 1;
				DEVELOPMENT_ASSET_PATHS = "\"xcodetraining/Preview Content\"";
				DEVELOPMENT_TEAM = 42PGU2876Q;
				ENABLE_PREVIEWS = YES;
				GENERATE_INFOPLIST_FILE = YES;
				INFOPLIST_KEY_UIApplicationSceneManifest_Generation = YES;
				INFOPLIST_KEY_UIApplicationSupportsIndirectInputEvents = YES;
				INFOPLIST_KEY_UILaunchScreen_Generation = YES;
				INFOPLIST_KEY_UISupportedInterfaceOrientations_iPad = "UIInterfaceOrientationPortrait UIInterfaceOrientationPortraitUpsideDown UIInterfaceOrientationLandscapeLeft UIInterfaceOrientationLandscapeRight";
				INFOPLIST_KEY_UISupportedInterfaceOrientations_iPhone = "UIInterfaceOrientationPortrait UIInterfaceOrientationLandscapeLeft UIInterfaceOrientationLandscapeRight";
				LD_RUNPATH_SEARCH_PATHS = (
					"$(inherited)",
					"@executable_path/Frameworks",
				);
				MARKETING_VERSION = 1.0;
				PRODUCT_BUNDLE_IDENTIFIER = com.mamodesaebsaad.xcodetraining;
				PRODUCT_NAME = "$(TARGET_NAME)";
				SWIFT_EMIT_LOC_STRINGS = YES;
				SWIFT_VERSION = 5.0;
				TARGETED_DEVICE_FAMILY = "1,2";
			};
			name = Release;
		};
		A9B03C3D2D273884007EA5C7 /* Debug */ = {
			isa = XCBuildConfiguration;
			buildSettings = {
				BUNDLE_LOADER = "$(TEST_HOST)";
				CODE_SIGN_STYLE = Automatic;
				CURRENT_PROJECT_VERSION = 1;
				DEVELOPMENT_TEAM = 42PGU2876Q;
				GENERATE_INFOPLIST_FILE = YES;
				IPHONEOS_DEPLOYMENT_TARGET = 18.2;
				MARKETING_VERSION = 1.0;
				PRODUCT_BUNDLE_IDENTIFIER = com.mamodesaebsaad.xcodetrainingTests;
				PRODUCT_NAME = "$(TARGET_NAME)";
				SWIFT_EMIT_LOC_STRINGS = NO;
				SWIFT_VERSION = 5.0;
				TARGETED_DEVICE_FAMILY = "1,2";
				TEST_HOST = "$(BUILT_PRODUCTS_DIR)/xcodetraining.app/$(BUNDLE_EXECUTABLE_FOLDER_PATH)/xcodetraining";
			};
			name = Debug;
		};
		A9B03C3E2D273884007EA5C7 /* Release */ = {
			isa = XCBuildConfiguration;
			buildSettings = {
				BUNDLE_LOADER = "$(TEST_HOST)";
				CODE_SIGN_STYLE = Automatic;
				CURRENT_PROJECT_VERSION = 1;
				DEVELOPMENT_TEAM = 42PGU2876Q;
				GENERATE_INFOPLIST_FILE = YES;
				IPHONEOS_DEPLOYMENT_TARGET = 18.2;
				MARKETING_VERSION = 1.0;
				PRODUCT_BUNDLE_IDENTIFIER = com.mamodesaebsaad.xcodetrainingTests;
				PRODUCT_NAME = "$(TARGET_NAME)";
				SWIFT_EMIT_LOC_STRINGS = NO;
				SWIFT_VERSION = 5.0;
				TARGETED_DEVICE_FAMILY = "1,2";
				TEST_HOST = "$(BUILT_PRODUCTS_DIR)/xcodetraining.app/$(BUNDLE_EXECUTABLE_FOLDER_PATH)/xcodetraining";
			};
			name = Release;
		};
		A9B03C402D273884007EA5C7 /* Debug */ = {
			isa = XCBuildConfiguration;
			buildSettings = {
				CODE_SIGN_STYLE = Automatic;
				CURRENT_PROJECT_VERSION = 1;
				DEVELOPMENT_TEAM = 42PGU2876Q;
				GENERATE_INFOPLIST_FILE = YES;
				MARKETING_VERSION = 1.0;
				PRODUCT_BUNDLE_IDENTIFIER = com.mamodesaebsaad.xcodetrainingUITests;
				PRODUCT_NAME = "$(TARGET_NAME)";
				SWIFT_EMIT_LOC_STRINGS = NO;
				SWIFT_VERSION = 5.0;
				TARGETED_DEVICE_FAMILY = "1,2";
				TEST_TARGET_NAME = xcodetraining;
			};
			name = Debug;
		};
		A9B03C412D273884007EA5C7 /* Release */ = {
			isa = XCBuildConfiguration;
			buildSettings = {
				CODE_SIGN_STYLE = Automatic;
				CURRENT_PROJECT_VERSION = 1;
				DEVELOPMENT_TEAM = 42PGU2876Q;
				GENERATE_INFOPLIST_FILE = YES;
				MARKETING_VERSION = 1.0;
				PRODUCT_BUNDLE_IDENTIFIER = com.mamodesaebsaad.xcodetrainingUITests;
				PRODUCT_NAME = "$(TARGET_NAME)";
				SWIFT_EMIT_LOC_STRINGS = NO;
				SWIFT_VERSION = 5.0;
				TARGETED_DEVICE_FAMILY = "1,2";
				TEST_TARGET_NAME = xcodetraining;
			};
			name = Release;
		};
/* End XCBuildConfiguration section */

/* Begin XCConfigurationList section */
		A9B03C102D273883007EA5C7 /* Build configuration list for PBXProject "xcodetraining" */ = {
			isa = XCConfigurationList;
			buildConfigurations = (
				A9B03C372D273884007EA5C7 /* Debug */,
				A9B03C382D273884007EA5C7 /* Release */,
			);
			defaultConfigurationIsVisible = 0;
			defaultConfigurationName = Release;
		};
		A9B03C392D273884007EA5C7 /* Build configuration list for PBXNativeTarget "xcodetraining" */ = {
			isa = XCConfigurationList;
			buildConfigurations = (
				A9B03C3A2D273884007EA5C7 /* Debug */,
				A9B03C3B2D273884007EA5C7 /* Release */,
			);
			defaultConfigurationIsVisible = 0;
			defaultConfigurationName = Release;
		};
		A9B03C3C2D273884007EA5C7 /* Build configuration list for PBXNativeTarget "xcodetrainingTests" */ = {
			isa = XCConfigurationList;
			buildConfigurations = (
				A9B03C3D2D273884007EA5C7 /* Debug */,
				A9B03C3E2D273884007EA5C7 /* Release */,
			);
			defaultConfigurationIsVisible = 0;
			defaultConfigurationName = Release;
		};
		A9B03C3F2D273884007EA5C7 /* Build configuration list for PBXNativeTarget "xcodetrainingUITests" */ = {
			isa = XCConfigurationList;
			buildConfigurations = (
				A9B03C402D273884007EA5C7 /* Debug */,
				A9B03C412D273884007EA5C7 /* Release */,
			);
			defaultConfigurationIsVisible = 0;
			defaultConfigurationName = Release;
		};
/* End XCConfigurationList section */
	};
	rootObject = A9B03C0D2D273883007EA5C7 /* Project object */;
}
